// !$*UTF8*$!
{
	archiveVersion = 1;
	classes = {
	};
	objectVersion = 56;
	objects = {

/* Begin PBXBuildFile section */
		6A3568F6295C624200AA0E2C /* ExternalWeblinkView.swift in Sources */ = {isa = PBXBuildFile; fileRef = 6A3568F5295C624200AA0E2C /* ExternalWeblinkView.swift */; };
		6A6399FC295B64720063727E /* InsetFactView.swift in Sources */ = {isa = PBXBuildFile; fileRef = 6A6399FB295B64720063727E /* InsetFactView.swift */; };
		6A6399FE295B755D0063727E /* InsetMapView.swift in Sources */ = {isa = PBXBuildFile; fileRef = 6A6399FD295B755D0063727E /* InsetMapView.swift */; };
		6A73DEEE295F04DD00BB4535 /* VideoModel.swift in Sources */ = {isa = PBXBuildFile; fileRef = 6A73DEED295F04DD00BB4535 /* VideoModel.swift */; };
		6A73DEF0295F051D00BB4535 /* VideoListItemView.swift in Sources */ = {isa = PBXBuildFile; fileRef = 6A73DEEF295F051D00BB4535 /* VideoListItemView.swift */; };
		6A9CC282295A367000146C16 /* AfricaApp.swift in Sources */ = {isa = PBXBuildFile; fileRef = 6A9CC281295A367000146C16 /* AfricaApp.swift */; };
		6A9CC284295A367000146C16 /* ContentView.swift in Sources */ = {isa = PBXBuildFile; fileRef = 6A9CC283295A367000146C16 /* ContentView.swift */; };
		6A9CC286295A367200146C16 /* Assets.xcassets in Resources */ = {isa = PBXBuildFile; fileRef = 6A9CC285295A367200146C16 /* Assets.xcassets */; };
		6A9CC289295A367200146C16 /* Preview Assets.xcassets in Resources */ = {isa = PBXBuildFile; fileRef = 6A9CC288295A367200146C16 /* Preview Assets.xcassets */; };
		6A9CC29A295A380300146C16 /* rhino.mp4 in Resources */ = {isa = PBXBuildFile; fileRef = 6A9CC290295A380300146C16 /* rhino.mp4 */; };
		6A9CC29B295A380300146C16 /* gorilla.mp4 in Resources */ = {isa = PBXBuildFile; fileRef = 6A9CC291295A380300146C16 /* gorilla.mp4 */; };
		6A9CC29C295A380300146C16 /* lion.mp4 in Resources */ = {isa = PBXBuildFile; fileRef = 6A9CC292295A380300146C16 /* lion.mp4 */; };
		6A9CC29D295A380300146C16 /* lioness.mp4 in Resources */ = {isa = PBXBuildFile; fileRef = 6A9CC293295A380300146C16 /* lioness.mp4 */; };
		6A9CC29E295A380300146C16 /* ostrich.mp4 in Resources */ = {isa = PBXBuildFile; fileRef = 6A9CC294295A380300146C16 /* ostrich.mp4 */; };
		6A9CC29F295A380300146C16 /* zebra.mp4 in Resources */ = {isa = PBXBuildFile; fileRef = 6A9CC295295A380300146C16 /* zebra.mp4 */; };
		6A9CC2A0295A380300146C16 /* cheetah.mp4 in Resources */ = {isa = PBXBuildFile; fileRef = 6A9CC296295A380300146C16 /* cheetah.mp4 */; };
		6A9CC2A1295A380300146C16 /* hippo.mp4 in Resources */ = {isa = PBXBuildFile; fileRef = 6A9CC297295A380300146C16 /* hippo.mp4 */; };
		6A9CC2A2295A380300146C16 /* elephant.mp4 in Resources */ = {isa = PBXBuildFile; fileRef = 6A9CC298295A380300146C16 /* elephant.mp4 */; };
		6A9CC2A3295A380300146C16 /* giraffe.mp4 in Resources */ = {isa = PBXBuildFile; fileRef = 6A9CC299295A380300146C16 /* giraffe.mp4 */; };
		6A9CC2A9295A383B00146C16 /* videos.json in Resources */ = {isa = PBXBuildFile; fileRef = 6A9CC2A5295A383B00146C16 /* videos.json */; };
		6A9CC2AA295A383B00146C16 /* covers.json in Resources */ = {isa = PBXBuildFile; fileRef = 6A9CC2A6295A383B00146C16 /* covers.json */; };
		6A9CC2AB295A383B00146C16 /* animals.json in Resources */ = {isa = PBXBuildFile; fileRef = 6A9CC2A7295A383B00146C16 /* animals.json */; };
		6A9CC2AC295A383B00146C16 /* locations.json in Resources */ = {isa = PBXBuildFile; fileRef = 6A9CC2A8295A383B00146C16 /* locations.json */; };
		6A9CC2B0295A3B9400146C16 /* VideoListView.swift in Sources */ = {isa = PBXBuildFile; fileRef = 6A9CC2AF295A3B9400146C16 /* VideoListView.swift */; };
		6A9CC2B2295A3BB100146C16 /* MapView.swift in Sources */ = {isa = PBXBuildFile; fileRef = 6A9CC2B1295A3BB100146C16 /* MapView.swift */; };
		6A9CC2B4295A3BE800146C16 /* GalleryView.swift in Sources */ = {isa = PBXBuildFile; fileRef = 6A9CC2B3295A3BE800146C16 /* GalleryView.swift */; };
		6A9CC2B6295A3BF600146C16 /* MainView.swift in Sources */ = {isa = PBXBuildFile; fileRef = 6A9CC2B5295A3BF600146C16 /* MainView.swift */; };
		6A9CC2B9295A434400146C16 /* CoverImageView.swift in Sources */ = {isa = PBXBuildFile; fileRef = 6A9CC2B8295A434400146C16 /* CoverImageView.swift */; };
		6A9CC2BC295A452600146C16 /* CoverImageModel.swift in Sources */ = {isa = PBXBuildFile; fileRef = 6A9CC2BB295A452600146C16 /* CoverImageModel.swift */; };
		6A9CC2BF295A46A000146C16 /* CodableBundleExtension.swift in Sources */ = {isa = PBXBuildFile; fileRef = 6A9CC2BE295A46A000146C16 /* CodableBundleExtension.swift */; };
		6A9CC2C1295A4CEB00146C16 /* AnimalListItemView.swift in Sources */ = {isa = PBXBuildFile; fileRef = 6A9CC2C0295A4CEB00146C16 /* AnimalListItemView.swift */; };
		6A9CC2C3295A4E5A00146C16 /* AnimalModel.swift in Sources */ = {isa = PBXBuildFile; fileRef = 6A9CC2C2295A4E5A00146C16 /* AnimalModel.swift */; };
		6A9CC2C5295A53F400146C16 /* AnimalDetailView.swift in Sources */ = {isa = PBXBuildFile; fileRef = 6A9CC2C4295A53F400146C16 /* AnimalDetailView.swift */; };
		6A9CC2C7295A57D300146C16 /* HeadingView.swift in Sources */ = {isa = PBXBuildFile; fileRef = 6A9CC2C6295A57D300146C16 /* HeadingView.swift */; };
		6A9CC2C9295A591500146C16 /* InsetGalleryView.swift in Sources */ = {isa = PBXBuildFile; fileRef = 6A9CC2C8295A591500146C16 /* InsetGalleryView.swift */; };
		6AFA47C6295F5256006FFFB8 /* VideoPlayerView.swift in Sources */ = {isa = PBXBuildFile; fileRef = 6AFA47C5295F5256006FFFB8 /* VideoPlayerView.swift */; };
		6AFA47C9295F53D0006FFFB8 /* VideoPlayerHelper.swift in Sources */ = {isa = PBXBuildFile; fileRef = 6AFA47C8295F53D0006FFFB8 /* VideoPlayerHelper.swift */; };
/* End PBXBuildFile section */

/* Begin PBXFileReference section */
		6A3568F5295C624200AA0E2C /* ExternalWeblinkView.swift */ = {isa = PBXFileReference; lastKnownFileType = sourcecode.swift; path = ExternalWeblinkView.swift; sourceTree = "<group>"; };
		6A6399FB295B64720063727E /* InsetFactView.swift */ = {isa = PBXFileReference; lastKnownFileType = sourcecode.swift; path = InsetFactView.swift; sourceTree = "<group>"; };
		6A6399FD295B755D0063727E /* InsetMapView.swift */ = {isa = PBXFileReference; lastKnownFileType = sourcecode.swift; path = InsetMapView.swift; sourceTree = "<group>"; };
		6A73DEED295F04DD00BB4535 /* VideoModel.swift */ = {isa = PBXFileReference; lastKnownFileType = sourcecode.swift; path = VideoModel.swift; sourceTree = "<group>"; };
		6A73DEEF295F051D00BB4535 /* VideoListItemView.swift */ = {isa = PBXFileReference; lastKnownFileType = sourcecode.swift; path = VideoListItemView.swift; sourceTree = "<group>"; };
		6A9CC27E295A367000146C16 /* Africa.app */ = {isa = PBXFileReference; explicitFileType = wrapper.application; includeInIndex = 0; path = Africa.app; sourceTree = BUILT_PRODUCTS_DIR; };
		6A9CC281295A367000146C16 /* AfricaApp.swift */ = {isa = PBXFileReference; lastKnownFileType = sourcecode.swift; path = AfricaApp.swift; sourceTree = "<group>"; };
		6A9CC283295A367000146C16 /* ContentView.swift */ = {isa = PBXFileReference; lastKnownFileType = sourcecode.swift; path = ContentView.swift; sourceTree = "<group>"; };
		6A9CC285295A367200146C16 /* Assets.xcassets */ = {isa = PBXFileReference; lastKnownFileType = folder.assetcatalog; path = Assets.xcassets; sourceTree = "<group>"; };
		6A9CC288295A367200146C16 /* Preview Assets.xcassets */ = {isa = PBXFileReference; lastKnownFileType = folder.assetcatalog; path = "Preview Assets.xcassets"; sourceTree = "<group>"; };
		6A9CC290295A380300146C16 /* rhino.mp4 */ = {isa = PBXFileReference; lastKnownFileType = file; path = rhino.mp4; sourceTree = "<group>"; };
		6A9CC291295A380300146C16 /* gorilla.mp4 */ = {isa = PBXFileReference; lastKnownFileType = file; path = gorilla.mp4; sourceTree = "<group>"; };
		6A9CC292295A380300146C16 /* lion.mp4 */ = {isa = PBXFileReference; lastKnownFileType = file; path = lion.mp4; sourceTree = "<group>"; };
		6A9CC293295A380300146C16 /* lioness.mp4 */ = {isa = PBXFileReference; lastKnownFileType = file; path = lioness.mp4; sourceTree = "<group>"; };
		6A9CC294295A380300146C16 /* ostrich.mp4 */ = {isa = PBXFileReference; lastKnownFileType = file; path = ostrich.mp4; sourceTree = "<group>"; };
		6A9CC295295A380300146C16 /* zebra.mp4 */ = {isa = PBXFileReference; lastKnownFileType = file; path = zebra.mp4; sourceTree = "<group>"; };
		6A9CC296295A380300146C16 /* cheetah.mp4 */ = {isa = PBXFileReference; lastKnownFileType = file; path = cheetah.mp4; sourceTree = "<group>"; };
		6A9CC297295A380300146C16 /* hippo.mp4 */ = {isa = PBXFileReference; lastKnownFileType = file; path = hippo.mp4; sourceTree = "<group>"; };
		6A9CC298295A380300146C16 /* elephant.mp4 */ = {isa = PBXFileReference; lastKnownFileType = file; path = elephant.mp4; sourceTree = "<group>"; };
		6A9CC299295A380300146C16 /* giraffe.mp4 */ = {isa = PBXFileReference; lastKnownFileType = file; path = giraffe.mp4; sourceTree = "<group>"; };
		6A9CC2A5295A383B00146C16 /* videos.json */ = {isa = PBXFileReference; fileEncoding = 4; lastKnownFileType = text.json; path = videos.json; sourceTree = "<group>"; };
		6A9CC2A6295A383B00146C16 /* covers.json */ = {isa = PBXFileReference; fileEncoding = 4; lastKnownFileType = text.json; path = covers.json; sourceTree = "<group>"; };
		6A9CC2A7295A383B00146C16 /* animals.json */ = {isa = PBXFileReference; fileEncoding = 4; lastKnownFileType = text.json; path = animals.json; sourceTree = "<group>"; };
		6A9CC2A8295A383B00146C16 /* locations.json */ = {isa = PBXFileReference; fileEncoding = 4; lastKnownFileType = text.json; path = locations.json; sourceTree = "<group>"; };
		6A9CC2AD295A393800146C16 /* Info.plist */ = {isa = PBXFileReference; lastKnownFileType = text.plist; path = Info.plist; sourceTree = "<group>"; };
		6A9CC2AF295A3B9400146C16 /* VideoListView.swift */ = {isa = PBXFileReference; lastKnownFileType = sourcecode.swift; path = VideoListView.swift; sourceTree = "<group>"; };
		6A9CC2B1295A3BB100146C16 /* MapView.swift */ = {isa = PBXFileReference; lastKnownFileType = sourcecode.swift; path = MapView.swift; sourceTree = "<group>"; };
		6A9CC2B3295A3BE800146C16 /* GalleryView.swift */ = {isa = PBXFileReference; lastKnownFileType = sourcecode.swift; path = GalleryView.swift; sourceTree = "<group>"; };
		6A9CC2B5295A3BF600146C16 /* MainView.swift */ = {isa = PBXFileReference; lastKnownFileType = sourcecode.swift; path = MainView.swift; sourceTree = "<group>"; };
		6A9CC2B8295A434400146C16 /* CoverImageView.swift */ = {isa = PBXFileReference; lastKnownFileType = sourcecode.swift; path = CoverImageView.swift; sourceTree = "<group>"; };
		6A9CC2BB295A452600146C16 /* CoverImageModel.swift */ = {isa = PBXFileReference; lastKnownFileType = sourcecode.swift; path = CoverImageModel.swift; sourceTree = "<group>"; };
		6A9CC2BE295A46A000146C16 /* CodableBundleExtension.swift */ = {isa = PBXFileReference; lastKnownFileType = sourcecode.swift; path = CodableBundleExtension.swift; sourceTree = "<group>"; };
		6A9CC2C0295A4CEB00146C16 /* AnimalListItemView.swift */ = {isa = PBXFileReference; lastKnownFileType = sourcecode.swift; path = AnimalListItemView.swift; sourceTree = "<group>"; };
		6A9CC2C2295A4E5A00146C16 /* AnimalModel.swift */ = {isa = PBXFileReference; lastKnownFileType = sourcecode.swift; path = AnimalModel.swift; sourceTree = "<group>"; };
		6A9CC2C4295A53F400146C16 /* AnimalDetailView.swift */ = {isa = PBXFileReference; lastKnownFileType = sourcecode.swift; path = AnimalDetailView.swift; sourceTree = "<group>"; };
		6A9CC2C6295A57D300146C16 /* HeadingView.swift */ = {isa = PBXFileReference; lastKnownFileType = sourcecode.swift; path = HeadingView.swift; sourceTree = "<group>"; };
		6A9CC2C8295A591500146C16 /* InsetGalleryView.swift */ = {isa = PBXFileReference; lastKnownFileType = sourcecode.swift; path = InsetGalleryView.swift; sourceTree = "<group>"; };
		6AFA47C5295F5256006FFFB8 /* VideoPlayerView.swift */ = {isa = PBXFileReference; lastKnownFileType = sourcecode.swift; path = VideoPlayerView.swift; sourceTree = "<group>"; };
		6AFA47C8295F53D0006FFFB8 /* VideoPlayerHelper.swift */ = {isa = PBXFileReference; lastKnownFileType = sourcecode.swift; path = VideoPlayerHelper.swift; sourceTree = "<group>"; };
/* End PBXFileReference section */

/* Begin PBXFrameworksBuildPhase section */
		6A9CC27B295A367000146C16 /* Frameworks */ = {
			isa = PBXFrameworksBuildPhase;
			buildActionMask = 2147483647;
			files = (
			);
			runOnlyForDeploymentPostprocessing = 0;
		};
/* End PBXFrameworksBuildPhase section */

/* Begin PBXGroup section */
		6A9CC275295A367000146C16 = {
			isa = PBXGroup;
			children = (
				6A9CC280295A367000146C16 /* Africa */,
				6A9CC27F295A367000146C16 /* Products */,
			);
			sourceTree = "<group>";
		};
		6A9CC27F295A367000146C16 /* Products */ = {
			isa = PBXGroup;
			children = (
				6A9CC27E295A367000146C16 /* Africa.app */,
			);
			name = Products;
			sourceTree = "<group>";
		};
		6A9CC280295A367000146C16 /* Africa */ = {
			isa = PBXGroup;
			children = (
				6AFA47C7295F53B7006FFFB8 /* Helper */,
				6A9CC2BD295A468100146C16 /* Extension */,
				6A9CC2BA295A451900146C16 /* Model */,
				6A9CC2B7295A433600146C16 /* View */,
				6A9CC2AD295A393800146C16 /* Info.plist */,
				6A9CC2A4295A382100146C16 /* Data */,
				6A9CC28F295A37E200146C16 /* Video */,
				6A9CC2AE295A3B5B00146C16 /* App */,
				6A9CC285295A367200146C16 /* Assets.xcassets */,
				6A9CC287295A367200146C16 /* Preview Content */,
			);
			path = Africa;
			sourceTree = "<group>";
		};
		6A9CC287295A367200146C16 /* Preview Content */ = {
			isa = PBXGroup;
			children = (
				6A9CC288295A367200146C16 /* Preview Assets.xcassets */,
			);
			path = "Preview Content";
			sourceTree = "<group>";
		};
		6A9CC28F295A37E200146C16 /* Video */ = {
			isa = PBXGroup;
			children = (
				6A9CC296295A380300146C16 /* cheetah.mp4 */,
				6A9CC298295A380300146C16 /* elephant.mp4 */,
				6A9CC299295A380300146C16 /* giraffe.mp4 */,
				6A9CC291295A380300146C16 /* gorilla.mp4 */,
				6A9CC297295A380300146C16 /* hippo.mp4 */,
				6A9CC292295A380300146C16 /* lion.mp4 */,
				6A9CC293295A380300146C16 /* lioness.mp4 */,
				6A9CC294295A380300146C16 /* ostrich.mp4 */,
				6A9CC290295A380300146C16 /* rhino.mp4 */,
				6A9CC295295A380300146C16 /* zebra.mp4 */,
			);
			path = Video;
			sourceTree = "<group>";
		};
		6A9CC2A4295A382100146C16 /* Data */ = {
			isa = PBXGroup;
			children = (
				6A9CC2A7295A383B00146C16 /* animals.json */,
				6A9CC2A6295A383B00146C16 /* covers.json */,
				6A9CC2A8295A383B00146C16 /* locations.json */,
				6A9CC2A5295A383B00146C16 /* videos.json */,
			);
			path = Data;
			sourceTree = "<group>";
		};
		6A9CC2AE295A3B5B00146C16 /* App */ = {
			isa = PBXGroup;
			children = (
				6A9CC281295A367000146C16 /* AfricaApp.swift */,
				6A9CC283295A367000146C16 /* ContentView.swift */,
				6A9CC2AF295A3B9400146C16 /* VideoListView.swift */,
				6A9CC2B1295A3BB100146C16 /* MapView.swift */,
				6A9CC2B3295A3BE800146C16 /* GalleryView.swift */,
				6A9CC2B5295A3BF600146C16 /* MainView.swift */,
			);
			path = App;
			sourceTree = "<group>";
		};
		6A9CC2B7295A433600146C16 /* View */ = {
			isa = PBXGroup;
			children = (
				6A9CC2B8295A434400146C16 /* CoverImageView.swift */,
				6A9CC2C0295A4CEB00146C16 /* AnimalListItemView.swift */,
				6A9CC2C4295A53F400146C16 /* AnimalDetailView.swift */,
				6A9CC2C6295A57D300146C16 /* HeadingView.swift */,
				6A9CC2C8295A591500146C16 /* InsetGalleryView.swift */,
				6A6399FB295B64720063727E /* InsetFactView.swift */,
				6A6399FD295B755D0063727E /* InsetMapView.swift */,
				6A3568F5295C624200AA0E2C /* ExternalWeblinkView.swift */,
				6A73DEEF295F051D00BB4535 /* VideoListItemView.swift */,
				6AFA47C5295F5256006FFFB8 /* VideoPlayerView.swift */,
			);
			path = View;
			sourceTree = "<group>";
		};
		6A9CC2BA295A451900146C16 /* Model */ = {
			isa = PBXGroup;
			children = (
				6A9CC2BB295A452600146C16 /* CoverImageModel.swift */,
				6A9CC2C2295A4E5A00146C16 /* AnimalModel.swift */,
				6A73DEED295F04DD00BB4535 /* VideoModel.swift */,
			);
			path = Model;
			sourceTree = "<group>";
		};
		6A9CC2BD295A468100146C16 /* Extension */ = {
			isa = PBXGroup;
			children = (
				6A9CC2BE295A46A000146C16 /* CodableBundleExtension.swift */,
			);
			path = Extension;
			sourceTree = "<group>";
		};
		6AFA47C7295F53B7006FFFB8 /* Helper */ = {
			isa = PBXGroup;
			children = (
				6AFA47C8295F53D0006FFFB8 /* VideoPlayerHelper.swift */,
			);
			path = Helper;
			sourceTree = "<group>";
		};
/* End PBXGroup section */

/* Begin PBXNativeTarget section */
		6A9CC27D295A367000146C16 /* Africa */ = {
			isa = PBXNativeTarget;
			buildConfigurationList = 6A9CC28C295A367200146C16 /* Build configuration list for PBXNativeTarget "Africa" */;
			buildPhases = (
				6A9CC27A295A367000146C16 /* Sources */,
				6A9CC27B295A367000146C16 /* Frameworks */,
				6A9CC27C295A367000146C16 /* Resources */,
			);
			buildRules = (
			);
			dependencies = (
			);
			name = Africa;
			productName = Africa;
			productReference = 6A9CC27E295A367000146C16 /* Africa.app */;
			productType = "com.apple.product-type.application";
		};
/* End PBXNativeTarget section */

/* Begin PBXProject section */
		6A9CC276295A367000146C16 /* Project object */ = {
			isa = PBXProject;
			attributes = {
				BuildIndependentTargetsInParallel = 1;
				LastSwiftUpdateCheck = 1420;
				LastUpgradeCheck = 1420;
				TargetAttributes = {
					6A9CC27D295A367000146C16 = {
						CreatedOnToolsVersion = 14.2;
					};
				};
			};
			buildConfigurationList = 6A9CC279295A367000146C16 /* Build configuration list for PBXProject "Africa" */;
			compatibilityVersion = "Xcode 14.0";
			developmentRegion = en;
			hasScannedForEncodings = 0;
			knownRegions = (
				en,
				Base,
			);
			mainGroup = 6A9CC275295A367000146C16;
			productRefGroup = 6A9CC27F295A367000146C16 /* Products */;
			projectDirPath = "";
			projectRoot = "";
			targets = (
				6A9CC27D295A367000146C16 /* Africa */,
			);
		};
/* End PBXProject section */

/* Begin PBXResourcesBuildPhase section */
		6A9CC27C295A367000146C16 /* Resources */ = {
			isa = PBXResourcesBuildPhase;
			buildActionMask = 2147483647;
			files = (
				6A9CC2AB295A383B00146C16 /* animals.json in Resources */,
				6A9CC2A1295A380300146C16 /* hippo.mp4 in Resources */,
				6A9CC2AC295A383B00146C16 /* locations.json in Resources */,
				6A9CC29B295A380300146C16 /* gorilla.mp4 in Resources */,
				6A9CC2A3295A380300146C16 /* giraffe.mp4 in Resources */,
				6A9CC29E295A380300146C16 /* ostrich.mp4 in Resources */,
				6A9CC2A9295A383B00146C16 /* videos.json in Resources */,
				6A9CC29A295A380300146C16 /* rhino.mp4 in Resources */,
				6A9CC289295A367200146C16 /* Preview Assets.xcassets in Resources */,
				6A9CC2AA295A383B00146C16 /* covers.json in Resources */,
				6A9CC29F295A380300146C16 /* zebra.mp4 in Resources */,
				6A9CC29C295A380300146C16 /* lion.mp4 in Resources */,
				6A9CC286295A367200146C16 /* Assets.xcassets in Resources */,
				6A9CC29D295A380300146C16 /* lioness.mp4 in Resources */,
				6A9CC2A0295A380300146C16 /* cheetah.mp4 in Resources */,
				6A9CC2A2295A380300146C16 /* elephant.mp4 in Resources */,
			);
			runOnlyForDeploymentPostprocessing = 0;
		};
/* End PBXResourcesBuildPhase section */

/* Begin PBXSourcesBuildPhase section */
		6A9CC27A295A367000146C16 /* Sources */ = {
			isa = PBXSourcesBuildPhase;
			buildActionMask = 2147483647;
			files = (
				6A3568F6295C624200AA0E2C /* ExternalWeblinkView.swift in Sources */,
				6A9CC284295A367000146C16 /* ContentView.swift in Sources */,
				6A9CC2C1295A4CEB00146C16 /* AnimalListItemView.swift in Sources */,
				6A9CC2B6295A3BF600146C16 /* MainView.swift in Sources */,
				6A6399FC295B64720063727E /* InsetFactView.swift in Sources */,
				6A9CC2B9295A434400146C16 /* CoverImageView.swift in Sources */,
				6A9CC2BC295A452600146C16 /* CoverImageModel.swift in Sources */,
				6A9CC2C5295A53F400146C16 /* AnimalDetailView.swift in Sources */,
				6A9CC2C3295A4E5A00146C16 /* AnimalModel.swift in Sources */,
				6A9CC2B2295A3BB100146C16 /* MapView.swift in Sources */,
				6AFA47C9295F53D0006FFFB8 /* VideoPlayerHelper.swift in Sources */,
				6A6399FE295B755D0063727E /* InsetMapView.swift in Sources */,
				6A9CC282295A367000146C16 /* AfricaApp.swift in Sources */,
				6A9CC2B0295A3B9400146C16 /* VideoListView.swift in Sources */,
				6A73DEEE295F04DD00BB4535 /* VideoModel.swift in Sources */,
				6A9CC2B4295A3BE800146C16 /* GalleryView.swift in Sources */,
				6A9CC2C9295A591500146C16 /* InsetGalleryView.swift in Sources */,
				6A73DEF0295F051D00BB4535 /* VideoListItemView.swift in Sources */,
				6A9CC2BF295A46A000146C16 /* CodableBundleExtension.swift in Sources */,
				6A9CC2C7295A57D300146C16 /* HeadingView.swift in Sources */,
				6AFA47C6295F5256006FFFB8 /* VideoPlayerView.swift in Sources */,
			);
			runOnlyForDeploymentPostprocessing = 0;
		};
/* End PBXSourcesBuildPhase section */

/* Begin XCBuildConfiguration section */
		6A9CC28A295A367200146C16 /* Debug */ = {
			isa = XCBuildConfiguration;
			buildSettings = {
				ALWAYS_SEARCH_USER_PATHS = NO;
				CLANG_ANALYZER_NONNULL = YES;
				CLANG_ANALYZER_NUMBER_OBJECT_CONVERSION = YES_AGGRESSIVE;
				CLANG_CXX_LANGUAGE_STANDARD = "gnu++20";
				CLANG_ENABLE_MODULES = YES;
				CLANG_ENABLE_OBJC_ARC = YES;
				CLANG_ENABLE_OBJC_WEAK = YES;
				CLANG_WARN_BLOCK_CAPTURE_AUTORELEASING = YES;
				CLANG_WARN_BOOL_CONVERSION = YES;
				CLANG_WARN_COMMA = YES;
				CLANG_WARN_CONSTANT_CONVERSION = YES;
				CLANG_WARN_DEPRECATED_OBJC_IMPLEMENTATIONS = YES;
				CLANG_WARN_DIRECT_OBJC_ISA_USAGE = YES_ERROR;
				CLANG_WARN_DOCUMENTATION_COMMENTS = YES;
				CLANG_WARN_EMPTY_BODY = YES;
				CLANG_WARN_ENUM_CONVERSION = YES;
				CLANG_WARN_INFINITE_RECURSION = YES;
				CLANG_WARN_INT_CONVERSION = YES;
				CLANG_WARN_NON_LITERAL_NULL_CONVERSION = YES;
				CLANG_WARN_OBJC_IMPLICIT_RETAIN_SELF = YES;
				CLANG_WARN_OBJC_LITERAL_CONVERSION = YES;
				CLANG_WARN_OBJC_ROOT_CLASS = YES_ERROR;
				CLANG_WARN_QUOTED_INCLUDE_IN_FRAMEWORK_HEADER = YES;
				CLANG_WARN_RANGE_LOOP_ANALYSIS = YES;
				CLANG_WARN_STRICT_PROTOTYPES = YES;
				CLANG_WARN_SUSPICIOUS_MOVE = YES;
				CLANG_WARN_UNGUARDED_AVAILABILITY = YES_AGGRESSIVE;
				CLANG_WARN_UNREACHABLE_CODE = YES;
				CLANG_WARN__DUPLICATE_METHOD_MATCH = YES;
				COPY_PHASE_STRIP = NO;
				DEBUG_INFORMATION_FORMAT = dwarf;
				ENABLE_STRICT_OBJC_MSGSEND = YES;
				ENABLE_TESTABILITY = YES;
				GCC_C_LANGUAGE_STANDARD = gnu11;
				GCC_DYNAMIC_NO_PIC = NO;
				GCC_NO_COMMON_BLOCKS = YES;
				GCC_OPTIMIZATION_LEVEL = 0;
				GCC_PREPROCESSOR_DEFINITIONS = (
					"DEBUG=1",
					"$(inherited)",
				);
				GCC_WARN_64_TO_32_BIT_CONVERSION = YES;
				GCC_WARN_ABOUT_RETURN_TYPE = YES_ERROR;
				GCC_WARN_UNDECLARED_SELECTOR = YES;
				GCC_WARN_UNINITIALIZED_AUTOS = YES_AGGRESSIVE;
				GCC_WARN_UNUSED_FUNCTION = YES;
				GCC_WARN_UNUSED_VARIABLE = YES;
				IPHONEOS_DEPLOYMENT_TARGET = 16.2;
				MTL_ENABLE_DEBUG_INFO = INCLUDE_SOURCE;
				MTL_FAST_MATH = YES;
				ONLY_ACTIVE_ARCH = YES;
				SDKROOT = iphoneos;
				SWIFT_ACTIVE_COMPILATION_CONDITIONS = DEBUG;
				SWIFT_OPTIMIZATION_LEVEL = "-Onone";
			};
			name = Debug;
		};
		6A9CC28B295A367200146C16 /* Release */ = {
			isa = XCBuildConfiguration;
			buildSettings = {
				ALWAYS_SEARCH_USER_PATHS = NO;
				CLANG_ANALYZER_NONNULL = YES;
				CLANG_ANALYZER_NUMBER_OBJECT_CONVERSION = YES_AGGRESSIVE;
				CLANG_CXX_LANGUAGE_STANDARD = "gnu++20";
				CLANG_ENABLE_MODULES = YES;
				CLANG_ENABLE_OBJC_ARC = YES;
				CLANG_ENABLE_OBJC_WEAK = YES;
				CLANG_WARN_BLOCK_CAPTURE_AUTORELEASING = YES;
				CLANG_WARN_BOOL_CONVERSION = YES;
				CLANG_WARN_COMMA = YES;
				CLANG_WARN_CONSTANT_CONVERSION = YES;
				CLANG_WARN_DEPRECATED_OBJC_IMPLEMENTATIONS = YES;
				CLANG_WARN_DIRECT_OBJC_ISA_USAGE = YES_ERROR;
				CLANG_WARN_DOCUMENTATION_COMMENTS = YES;
				CLANG_WARN_EMPTY_BODY = YES;
				CLANG_WARN_ENUM_CONVERSION = YES;
				CLANG_WARN_INFINITE_RECURSION = YES;
				CLANG_WARN_INT_CONVERSION = YES;
				CLANG_WARN_NON_LITERAL_NULL_CONVERSION = YES;
				CLANG_WARN_OBJC_IMPLICIT_RETAIN_SELF = YES;
				CLANG_WARN_OBJC_LITERAL_CONVERSION = YES;
				CLANG_WARN_OBJC_ROOT_CLASS = YES_ERROR;
				CLANG_WARN_QUOTED_INCLUDE_IN_FRAMEWORK_HEADER = YES;
				CLANG_WARN_RANGE_LOOP_ANALYSIS = YES;
				CLANG_WARN_STRICT_PROTOTYPES = YES;
				CLANG_WARN_SUSPICIOUS_MOVE = YES;
				CLANG_WARN_UNGUARDED_AVAILABILITY = YES_AGGRESSIVE;
				CLANG_WARN_UNREACHABLE_CODE = YES;
				CLANG_WARN__DUPLICATE_METHOD_MATCH = YES;
				COPY_PHASE_STRIP = NO;
				DEBUG_INFORMATION_FORMAT = "dwarf-with-dsym";
				ENABLE_NS_ASSERTIONS = NO;
				ENABLE_STRICT_OBJC_MSGSEND = YES;
				GCC_C_LANGUAGE_STANDARD = gnu11;
				GCC_NO_COMMON_BLOCKS = YES;
				GCC_WARN_64_TO_32_BIT_CONVERSION = YES;
				GCC_WARN_ABOUT_RETURN_TYPE = YES_ERROR;
				GCC_WARN_UNDECLARED_SELECTOR = YES;
				GCC_WARN_UNINITIALIZED_AUTOS = YES_AGGRESSIVE;
				GCC_WARN_UNUSED_FUNCTION = YES;
				GCC_WARN_UNUSED_VARIABLE = YES;
				IPHONEOS_DEPLOYMENT_TARGET = 16.2;
				MTL_ENABLE_DEBUG_INFO = NO;
				MTL_FAST_MATH = YES;
				SDKROOT = iphoneos;
				SWIFT_COMPILATION_MODE = wholemodule;
				SWIFT_OPTIMIZATION_LEVEL = "-O";
				VALIDATE_PRODUCT = YES;
			};
			name = Release;
		};
		6A9CC28D295A367200146C16 /* Debug */ = {
			isa = XCBuildConfiguration;
			buildSettings = {
				ASSETCATALOG_COMPILER_APPICON_NAME = AppIcon;
				ASSETCATALOG_COMPILER_GLOBAL_ACCENT_COLOR_NAME = AccentColor;
				CODE_SIGN_STYLE = Automatic;
				CURRENT_PROJECT_VERSION = 1;
				DEVELOPMENT_ASSET_PATHS = "\"Africa/Preview Content\"";
				DEVELOPMENT_TEAM = QK9Q79XDZ4;
				ENABLE_PREVIEWS = YES;
				GENERATE_INFOPLIST_FILE = YES;
				INFOPLIST_FILE = Africa/Info.plist;
				INFOPLIST_KEY_UIApplicationSceneManifest_Generation = YES;
				INFOPLIST_KEY_UIApplicationSupportsIndirectInputEvents = YES;
				INFOPLIST_KEY_UISupportedInterfaceOrientations_iPad = "UIInterfaceOrientationPortrait UIInterfaceOrientationPortraitUpsideDown UIInterfaceOrientationLandscapeLeft UIInterfaceOrientationLandscapeRight";
				INFOPLIST_KEY_UISupportedInterfaceOrientations_iPhone = "UIInterfaceOrientationPortrait UIInterfaceOrientationLandscapeLeft UIInterfaceOrientationLandscapeRight";
				INFOPLIST_KEY_UIUserInterfaceStyle = Dark;
				LD_RUNPATH_SEARCH_PATHS = (
					"$(inherited)",
					"@executable_path/Frameworks",
				);
				MARKETING_VERSION = 1.0;
				PRODUCT_BUNDLE_IDENTIFIER = com.ilkayyagizgur.Africa;
				PRODUCT_NAME = "$(TARGET_NAME)";
				SWIFT_EMIT_LOC_STRINGS = YES;
				SWIFT_VERSION = 5.0;
				TARGETED_DEVICE_FAMILY = "1,2";
			};
			name = Debug;
		};
		6A9CC28E295A367200146C16 /* Release */ = {
			isa = XCBuildConfiguration;
			buildSettings = {
				ASSETCATALOG_COMPILER_APPICON_NAME = AppIcon;
				ASSETCATALOG_COMPILER_GLOBAL_ACCENT_COLOR_NAME = AccentColor;
				CODE_SIGN_STYLE = Automatic;
				CURRENT_PROJECT_VERSION = 1;
				DEVELOPMENT_ASSET_PATHS = "\"Africa/Preview Content\"";
				DEVELOPMENT_TEAM = QK9Q79XDZ4;
				ENABLE_PREVIEWS = YES;
				GENERATE_INFOPLIST_FILE = YES;
				INFOPLIST_FILE = Africa/Info.plist;
				INFOPLIST_KEY_UIApplicationSceneManifest_Generation = YES;
				INFOPLIST_KEY_UIApplicationSupportsIndirectInputEvents = YES;
				INFOPLIST_KEY_UISupportedInterfaceOrientations_iPad = "UIInterfaceOrientationPortrait UIInterfaceOrientationPortraitUpsideDown UIInterfaceOrientationLandscapeLeft UIInterfaceOrientationLandscapeRight";
				INFOPLIST_KEY_UISupportedInterfaceOrientations_iPhone = "UIInterfaceOrientationPortrait UIInterfaceOrientationLandscapeLeft UIInterfaceOrientationLandscapeRight";
				INFOPLIST_KEY_UIUserInterfaceStyle = Dark;
				LD_RUNPATH_SEARCH_PATHS = (
					"$(inherited)",
					"@executable_path/Frameworks",
				);
				MARKETING_VERSION = 1.0;
				PRODUCT_BUNDLE_IDENTIFIER = com.ilkayyagizgur.Africa;
				PRODUCT_NAME = "$(TARGET_NAME)";
				SWIFT_EMIT_LOC_STRINGS = YES;
				SWIFT_VERSION = 5.0;
				TARGETED_DEVICE_FAMILY = "1,2";
			};
			name = Release;
		};
/* End XCBuildConfiguration section */

/* Begin XCConfigurationList section */
		6A9CC279295A367000146C16 /* Build configuration list for PBXProject "Africa" */ = {
			isa = XCConfigurationList;
			buildConfigurations = (
				6A9CC28A295A367200146C16 /* Debug */,
				6A9CC28B295A367200146C16 /* Release */,
			);
			defaultConfigurationIsVisible = 0;
			defaultConfigurationName = Release;
		};
		6A9CC28C295A367200146C16 /* Build configuration list for PBXNativeTarget "Africa" */ = {
			isa = XCConfigurationList;
			buildConfigurations = (
				6A9CC28D295A367200146C16 /* Debug */,
				6A9CC28E295A367200146C16 /* Release */,
			);
			defaultConfigurationIsVisible = 0;
			defaultConfigurationName = Release;
		};
/* End XCConfigurationList section */
	};
	rootObject = 6A9CC276295A367000146C16 /* Project object */;
}
